
Microsoft Visual Studio Solution File, Format Version 12.00
# Visual Studio Version 17
VisualStudioVersion = 17.4.33213.308
MinimumVisualStudioVersion = 10.0.40219.1
Project("{FAE04EC0-301F-11D3-BF4B-00C04F79EFBC}") = "Keccak", "Keccak\Keccak.csproj", "{5F928604-C41A-4A78-A31B-CF91FD8B8353}"
EndProject
Global
	GlobalSection(SolutionConfigurationPlatforms) = preSolution
		Debug|Any CPU = Debug|Any CPU
		Release|Any CPU = Release|Any CPU
	EndGlobalSection
	GlobalSection(ProjectConfigurationPlatforms) = postSolution
		{5F928604-C41A-4A78-A31B-CF91FD8B8353}.Debug|Any CPU.ActiveCfg = Debug|Any CPU
		{5F928604-C41A-4A78-A31B-CF91FD8B8353}.Debug|Any CPU.Build.0 = Debug|Any CPU
		{5F928604-C41A-4A78-A31B-CF91FD8B8353}.Release|Any CPU.ActiveCfg = Release|Any CPU
		{5F928604-C41A-4A78-A31B-CF91FD8B8353}.Release|Any CPU.Build.0 = Release|Any CPU
	EndGlobalSection
	GlobalSection(SolutionProperties) = preSolution
		HideSolutionNode = FALSE
	EndGlobalSection
	GlobalSection(ExtensibilityGlobals) = postSolution
		SolutionGuid = {C85C962C-82D9-4D85-AA23-F53DABFED341}
	EndGlobalSection
EndGlobal
