
Microsoft Visual Studio Solution File, Format Version 12.00
# Visual Studio Version 16
VisualStudioVersion = 16.0.30717.126
MinimumVisualStudioVersion = 10.0.40219.1
Project("{FAE04EC0-301F-11D3-BF4B-00C04F79EFBC}") = "AproshmethodApi", "AproshmethodApi\AproshmethodApi.csproj", "{F3F5B7FF-FD4B-4906-BD91-EBE59C404569}"
EndProject
Global
	GlobalSection(SolutionConfigurationPlatforms) = preSolution
		Debug|Any CPU = Debug|Any CPU
		Release|Any CPU = Release|Any CPU
	EndGlobalSection
	GlobalSection(ProjectConfigurationPlatforms) = postSolution
		{F3F5B7FF-FD4B-4906-BD91-EBE59C404569}.Debug|Any CPU.ActiveCfg = Debug|Any CPU
		{F3F5B7FF-FD4B-4906-BD91-EBE59C404569}.Debug|Any CPU.Build.0 = Debug|Any CPU
		{F3F5B7FF-FD4B-4906-BD91-EBE59C404569}.Release|Any CPU.ActiveCfg = Release|Any CPU
		{F3F5B7FF-FD4B-4906-BD91-EBE59C404569}.Release|Any CPU.Build.0 = Release|Any CPU
	EndGlobalSection
	GlobalSection(SolutionProperties) = preSolution
		HideSolutionNode = FALSE
	EndGlobalSection
	GlobalSection(ExtensibilityGlobals) = postSolution
		SolutionGuid = {F0049CC5-D4C3-4698-B5D5-3B3B2A559472}
	EndGlobalSection
EndGlobal
