
Microsoft Visual Studio Solution File, Format Version 12.00
# Visual Studio Version 17
VisualStudioVersion = 17.4.33213.308
MinimumVisualStudioVersion = 10.0.40219.1
Project("{FAE04EC0-301F-11D3-BF4B-00C04F79EFBC}") = "Lab 6", "Lab 6\Lab 6.csproj", "{558EA6B1-8C26-4882-895B-E476252207AE}"
EndProject
Global
	GlobalSection(SolutionConfigurationPlatforms) = preSolution
		Debug|Any CPU = Debug|Any CPU
		Release|Any CPU = Release|Any CPU
	EndGlobalSection
	GlobalSection(ProjectConfigurationPlatforms) = postSolution
		{558EA6B1-8C26-4882-895B-E476252207AE}.Debug|Any CPU.ActiveCfg = Debug|Any CPU
		{558EA6B1-8C26-4882-895B-E476252207AE}.Debug|Any CPU.Build.0 = Debug|Any CPU
		{558EA6B1-8C26-4882-895B-E476252207AE}.Release|Any CPU.ActiveCfg = Release|Any CPU
		{558EA6B1-8C26-4882-895B-E476252207AE}.Release|Any CPU.Build.0 = Release|Any CPU
	EndGlobalSection
	GlobalSection(SolutionProperties) = preSolution
		HideSolutionNode = FALSE
	EndGlobalSection
	GlobalSection(ExtensibilityGlobals) = postSolution
		SolutionGuid = {E6E9DF4A-9C19-4EB9-A5AF-92D27E439855}
	EndGlobalSection
EndGlobal
