{
  "name": "laba5xnext",
  "version": "1.0.0",
  "lockfileVersion": 3,
  "requires": true,
  "packages": {
    "": {
      "name": "laba5xnext",
      "version": "1.0.0",
      "license": "ISC",
      "dependencies": {
        "laba5xnext": "^1.0.0",
        "maxpackage": "^1.0.0",
        "nodemailer": "^6.9.1"
      },
      "devDependencies": {}
    },
    "node_modules/laba5xnext": {
      "version": "1.0.0",
      "resolved": "https://registry.npmjs.org/laba5xnext/-/laba5xnext-1.0.0.tgz",
      "integrity": "sha512-G43aNLc0TxI65+/mcqEzC+K5rMgf3wCH6bguMeQvf32R0SUqtSQePXQ6sCNfDef5KlhDopIqbfYI/VydNIa5Wg==",
      "dependencies": {
        "maxpackage": "^1.0.0",
        "nodemailer": "^6.9.1"
      }
    },
    "node_modules/maxpackage": {
      "version": "1.0.0",
      "resolved": "https://registry.npmjs.org/maxpackage/-/maxpackage-1.0.0.tgz",
      "integrity": "sha512-aFq63PsvwnvjdvsZCx7lVIYbTR36Z+YDCyps7NLc27A7aPdluUkNuOEycg/E1ddF4NYjDCNB6nBv/l+UryDrcw=="
    },
    "node_modules/nodemailer": {
      "version": "6.9.1",
      "resolved": "https://registry.npmjs.org/nodemailer/-/nodemailer-6.9.1.tgz",
      "integrity": "sha512-qHw7dOiU5UKNnQpXktdgQ1d3OFgRAekuvbJLcdG5dnEo/GtcTHRYM7+UfJARdOFU9WUQO8OiIamgWPmiSFHYAA==",
      "engines": {
        "node": ">=6.0.0"
      }
    }
  }
}
